dependencies:
- name: openshiftpulse
  repository: file://../openshiftpulse
  version: 4.7.0
- name: openshift-sre-agent
  repository: file://../../../../pulse-agent/chart
  version: 2.4.1
digest: sha256:1ac886c62a6a56fb6bd72c2fbe63f4f5fb9309aa655ceaedae98601e0e5e7123
generated: "2026-04-18T20:16:34.131214-07:00"
